{
  "originHash" : "5f41ce218aa2a1e304ed2d95f8f25ea7af8080658755c4a9b46e143042801efe",
  "pins" : [
    {
      "identity" : "id3tageditor",
      "kind" : "remoteSourceControl",
      "location" : "git@github.com:chicio/ID3TagEditor.git",
      "state" : {
        "revision" : "64f5667df0e779f2f02a08b7084b0cb5bd83ce61",
        "version" : "5.2.0"
      }
    },
    {
      "identity" : "realm-core",
      "kind" : "remoteSourceControl",
      "location" : "https://github.com/realm/realm-core.git",
      "state" : {
        "revision" : "85eeca41654cc9070ad81a21a4b1d153ad467c33",
        "version" : "14.13.1"
      }
    },
    {
      "identity" : "realm-swift",
      "kind" : "remoteSourceControl",
      "location" : "git@github.com:realm/realm-swift.git",
      "state" : {
        "branch" : "master",
        "revision" : "5553cfd1c789efdb3d6daf7f0cc0733cfe601846"
      }
    }
  ],
  "version" : 3
}
